
Microsoft Visual Studio Solution File, Format Version 11.00
# Visual Studio 2010
Project("{FAE04EC0-301F-11D3-BF4B-00C04F79EFBC}") = "Client Demo Build", "Assembly-CSharp.csproj", "{090386AF-0C1A-9262-36D1-784BBACF49C8}"
EndProject
Project("{FAE04EC0-301F-11D3-BF4B-00C04F79EFBC}") = "Client Demo Build", "Assembly-CSharp-Editor.csproj", "{387D3556-83AA-382E-93F7-1022562328D2}"
EndProject
Global
	GlobalSection(SolutionConfigurationPlatforms) = preSolution
		Debug|Any CPU = Debug|Any CPU
		Release|Any CPU = Release|Any CPU
	EndGlobalSection
	GlobalSection(ProjectConfigurationPlatforms) = postSolution
		{090386AF-0C1A-9262-36D1-784BBACF49C8}.Debug|Any CPU.ActiveCfg = Debug|Any CPU
		{090386AF-0C1A-9262-36D1-784BBACF49C8}.Debug|Any CPU.Build.0 = Debug|Any CPU
		{090386AF-0C1A-9262-36D1-784BBACF49C8}.Release|Any CPU.ActiveCfg = Release|Any CPU
		{090386AF-0C1A-9262-36D1-784BBACF49C8}.Release|Any CPU.Build.0 = Release|Any CPU
		{387D3556-83AA-382E-93F7-1022562328D2}.Debug|Any CPU.ActiveCfg = Debug|Any CPU
		{387D3556-83AA-382E-93F7-1022562328D2}.Debug|Any CPU.Build.0 = Debug|Any CPU
		{387D3556-83AA-382E-93F7-1022562328D2}.Release|Any CPU.ActiveCfg = Release|Any CPU
		{387D3556-83AA-382E-93F7-1022562328D2}.Release|Any CPU.Build.0 = Release|Any CPU
	EndGlobalSection
	GlobalSection(SolutionProperties) = preSolution
		HideSolutionNode = FALSE
	EndGlobalSection
	GlobalSection(MonoDevelopProperties) = preSolution
		StartupItem = Assembly-CSharp.csproj
	EndGlobalSection
EndGlobal
